
Microsoft Visual Studio Solution File, Format Version 12.00
# Visual Studio 15
VisualStudioVersion = 15.0.28010.2019
MinimumVisualStudioVersion = 10.0.40219.1
Project("{F184B08F-C81C-45F6-A57F-5ABD9991F28F}") = "Practica 1 GIT Reynaga", "Practica 1 GIT Reynaga\Practica 1 GIT Reynaga.vbproj", "{E5250829-8E73-4C40-A269-1220411CE409}"
EndProject
Global
	GlobalSection(SolutionConfigurationPlatforms) = preSolution
		Debug|Any CPU = Debug|Any CPU
		Release|Any CPU = Release|Any CPU
	EndGlobalSection
	GlobalSection(ProjectConfigurationPlatforms) = postSolution
		{E5250829-8E73-4C40-A269-1220411CE409}.Debug|Any CPU.ActiveCfg = Debug|Any CPU
		{E5250829-8E73-4C40-A269-1220411CE409}.Debug|Any CPU.Build.0 = Debug|Any CPU
		{E5250829-8E73-4C40-A269-1220411CE409}.Release|Any CPU.ActiveCfg = Release|Any CPU
		{E5250829-8E73-4C40-A269-1220411CE409}.Release|Any CPU.Build.0 = Release|Any CPU
	EndGlobalSection
	GlobalSection(SolutionProperties) = preSolution
		HideSolutionNode = FALSE
	EndGlobalSection
	GlobalSection(ExtensibilityGlobals) = postSolution
		SolutionGuid = {513BB99F-0D03-482F-BC05-EC03518B87A2}
	EndGlobalSection
EndGlobal
